
Microsoft Visual Studio Solution File, Format Version 12.00
# Visual Studio Version 17
VisualStudioVersion = 17.3.32929.385
MinimumVisualStudioVersion = 10.0.40219.1
Project("{FAE04EC0-301F-11D3-BF4B-00C04F79EFBC}") = "FluxorWasm", "FluxorWasm\FluxorWasm.csproj", "{E776DC10-4569-428C-ACCF-EB41EA86687B}"
EndProject
Global
	GlobalSection(SolutionConfigurationPlatforms) = preSolution
		Debug|Any CPU = Debug|Any CPU
		Release|Any CPU = Release|Any CPU
	EndGlobalSection
	GlobalSection(ProjectConfigurationPlatforms) = postSolution
		{E776DC10-4569-428C-ACCF-EB41EA86687B}.Debug|Any CPU.ActiveCfg = Debug|Any CPU
		{E776DC10-4569-428C-ACCF-EB41EA86687B}.Debug|Any CPU.Build.0 = Debug|Any CPU
		{E776DC10-4569-428C-ACCF-EB41EA86687B}.Release|Any CPU.ActiveCfg = Release|Any CPU
		{E776DC10-4569-428C-ACCF-EB41EA86687B}.Release|Any CPU.Build.0 = Release|Any CPU
	EndGlobalSection
	GlobalSection(SolutionProperties) = preSolution
		HideSolutionNode = FALSE
	EndGlobalSection
	GlobalSection(ExtensibilityGlobals) = postSolution
		SolutionGuid = {F6B3DA6D-E4C1-4C3C-AD95-443C4E168C2A}
	EndGlobalSection
EndGlobal
